#MicroXplorer Configuration settings - do not modify
BootLoader.IPs=BSEC,DDR,ETZPC,MCE,PWR,RCC,TAMP,DMA,MDMA,SDMMC1,I2C3,UART4,UART5
BootROM.IPs=BSEC,ETZPC,PWR,RCC,TAMP,DMA,USB_OTG_HS,UART4
CAD.formats=
CAD.pinconfig=
CAD.provider=
CortexA7NS.IPs=DDR,ETZPC,MCE,RCC,RTC,TAMP,GPIO,DMA,MDMA,SDMMC1,USBH_HS1,USB_OTG_HS,SAI2,DEBUG,FMC,UART4,UART5,SAI1,SPI1,I2S1,USART2
CortexA7S.IPs=BSEC,DDR,ETZPC,MCE,PWR,RCC,TAMP,RTC,GPIO,DMA,MDMA,I2C3,I2C4
DDR.DDR_Frequency=400.0
DDR.IPParameters=DDR_Frequency
DDR_A0.GPIOParameters=PinAttribute
DDR_A0.Mode=DDR3
DDR_A0.PinAttribute=BootLoader,CortexA7S,CortexA7NS
DDR_A0.Signal=DDR_A0
DDR_A1.GPIOParameters=PinAttribute
DDR_A1.Mode=DDR3
DDR_A1.PinAttribute=BootLoader,CortexA7S,CortexA7NS
DDR_A1.Signal=DDR_A1
DDR_A10.GPIOParameters=PinAttribute
DDR_A10.Mode=DDR3
DDR_A10.PinAttribute=BootLoader,CortexA7S,CortexA7NS
DDR_A10.Signal=DDR_A10
DDR_A11.GPIOParameters=PinAttribute
DDR_A11.Mode=DDR3
DDR_A11.PinAttribute=BootLoader,CortexA7S,CortexA7NS
DDR_A11.Signal=DDR_A11
DDR_A12.GPIOParameters=PinAttribute
DDR_A12.Mode=2Gb_16bits
DDR_A12.PinAttribute=BootLoader,CortexA7S,CortexA7NS
DDR_A12.Signal=DDR_A12
DDR_A13.GPIOParameters=PinAttribute
DDR_A13.Mode=2Gb_16bits
DDR_A13.PinAttribute=BootLoader,CortexA7S,CortexA7NS
DDR_A13.Signal=DDR_A13
DDR_A2.GPIOParameters=PinAttribute
DDR_A2.Mode=DDR3
DDR_A2.PinAttribute=BootLoader,CortexA7S,CortexA7NS
DDR_A2.Signal=DDR_A2
DDR_A3.GPIOParameters=PinAttribute
DDR_A3.Mode=DDR3
DDR_A3.PinAttribute=BootLoader,CortexA7S,CortexA7NS
DDR_A3.Signal=DDR_A3
DDR_A4.GPIOParameters=PinAttribute
DDR_A4.Mode=DDR3
DDR_A4.PinAttribute=BootLoader,CortexA7S,CortexA7NS
DDR_A4.Signal=DDR_A4
DDR_A5.GPIOParameters=PinAttribute
DDR_A5.Mode=DDR3
DDR_A5.PinAttribute=BootLoader,CortexA7S,CortexA7NS
DDR_A5.Signal=DDR_A5
DDR_A6.GPIOParameters=PinAttribute
DDR_A6.Mode=DDR3
DDR_A6.PinAttribute=BootLoader,CortexA7S,CortexA7NS
DDR_A6.Signal=DDR_A6
DDR_A7.GPIOParameters=PinAttribute
DDR_A7.Mode=DDR3
DDR_A7.PinAttribute=BootLoader,CortexA7S,CortexA7NS
DDR_A7.Signal=DDR_A7
DDR_A8.GPIOParameters=PinAttribute
DDR_A8.Mode=DDR3
DDR_A8.PinAttribute=BootLoader,CortexA7S,CortexA7NS
DDR_A8.Signal=DDR_A8
DDR_A9.GPIOParameters=PinAttribute
DDR_A9.Mode=DDR3
DDR_A9.PinAttribute=BootLoader,CortexA7S,CortexA7NS
DDR_A9.Signal=DDR_A9
DDR_ATO.GPIOParameters=PinAttribute
DDR_ATO.Mode=DDR3
DDR_ATO.PinAttribute=BootLoader,CortexA7S,CortexA7NS
DDR_ATO.Signal=DDR_ATO
DDR_BA0.GPIOParameters=PinAttribute
DDR_BA0.Mode=DDR3
DDR_BA0.PinAttribute=BootLoader,CortexA7S,CortexA7NS
DDR_BA0.Signal=DDR_BA0
DDR_BA1.GPIOParameters=PinAttribute
DDR_BA1.Mode=DDR3
DDR_BA1.PinAttribute=BootLoader,CortexA7S,CortexA7NS
DDR_BA1.Signal=DDR_BA1
DDR_BA2.GPIOParameters=PinAttribute
DDR_BA2.Mode=DDR3
DDR_BA2.PinAttribute=BootLoader,CortexA7S,CortexA7NS
DDR_BA2.Signal=DDR_BA2
DDR_CASN.GPIOParameters=PinAttribute
DDR_CASN.Mode=DDR3
DDR_CASN.PinAttribute=BootLoader,CortexA7S,CortexA7NS
DDR_CASN.Signal=DDR_CASN
DDR_CKE.GPIOParameters=PinAttribute
DDR_CKE.Mode=DDR3
DDR_CKE.PinAttribute=BootLoader,CortexA7S,CortexA7NS
DDR_CKE.Signal=DDR_CKE
DDR_CLKN.GPIOParameters=PinAttribute
DDR_CLKN.Mode=DDR3
DDR_CLKN.PinAttribute=BootLoader,CortexA7S,CortexA7NS
DDR_CLKN.Signal=DDR_CLKN
DDR_CLKP.GPIOParameters=PinAttribute
DDR_CLKP.Mode=DDR3
DDR_CLKP.PinAttribute=BootLoader,CortexA7S,CortexA7NS
DDR_CLKP.Signal=DDR_CLKP
DDR_CSN.GPIOParameters=PinAttribute
DDR_CSN.Mode=DDR3
DDR_CSN.PinAttribute=BootLoader,CortexA7S,CortexA7NS
DDR_CSN.Signal=DDR_CSN
DDR_DQ0.GPIOParameters=PinAttribute
DDR_DQ0.Mode=DDR3
DDR_DQ0.PinAttribute=BootLoader,CortexA7S,CortexA7NS
DDR_DQ0.Signal=DDR_DQ0
DDR_DQ1.GPIOParameters=PinAttribute
DDR_DQ1.Mode=DDR3
DDR_DQ1.PinAttribute=BootLoader,CortexA7S,CortexA7NS
DDR_DQ1.Signal=DDR_DQ1
DDR_DQ10.GPIOParameters=PinAttribute
DDR_DQ10.Mode=DDR3
DDR_DQ10.PinAttribute=BootLoader,CortexA7S,CortexA7NS
DDR_DQ10.Signal=DDR_DQ10
DDR_DQ11.GPIOParameters=PinAttribute
DDR_DQ11.Mode=DDR3
DDR_DQ11.PinAttribute=BootLoader,CortexA7S,CortexA7NS
DDR_DQ11.Signal=DDR_DQ11
DDR_DQ12.GPIOParameters=PinAttribute
DDR_DQ12.Mode=DDR3
DDR_DQ12.PinAttribute=BootLoader,CortexA7S,CortexA7NS
DDR_DQ12.Signal=DDR_DQ12
DDR_DQ13.GPIOParameters=PinAttribute
DDR_DQ13.Mode=DDR3
DDR_DQ13.PinAttribute=BootLoader,CortexA7S,CortexA7NS
DDR_DQ13.Signal=DDR_DQ13
DDR_DQ14.GPIOParameters=PinAttribute
DDR_DQ14.Mode=DDR3
DDR_DQ14.PinAttribute=BootLoader,CortexA7S,CortexA7NS
DDR_DQ14.Signal=DDR_DQ14
DDR_DQ15.GPIOParameters=PinAttribute
DDR_DQ15.Mode=DDR3
DDR_DQ15.PinAttribute=BootLoader,CortexA7S,CortexA7NS
DDR_DQ15.Signal=DDR_DQ15
DDR_DQ2.GPIOParameters=PinAttribute
DDR_DQ2.Mode=DDR3
DDR_DQ2.PinAttribute=BootLoader,CortexA7S,CortexA7NS
DDR_DQ2.Signal=DDR_DQ2
DDR_DQ3.GPIOParameters=PinAttribute
DDR_DQ3.Mode=DDR3
DDR_DQ3.PinAttribute=BootLoader,CortexA7S,CortexA7NS
DDR_DQ3.Signal=DDR_DQ3
DDR_DQ4.GPIOParameters=PinAttribute
DDR_DQ4.Mode=DDR3
DDR_DQ4.PinAttribute=BootLoader,CortexA7S,CortexA7NS
DDR_DQ4.Signal=DDR_DQ4
DDR_DQ5.GPIOParameters=PinAttribute
DDR_DQ5.Mode=DDR3
DDR_DQ5.PinAttribute=BootLoader,CortexA7S,CortexA7NS
DDR_DQ5.Signal=DDR_DQ5
DDR_DQ6.GPIOParameters=PinAttribute
DDR_DQ6.Mode=DDR3
DDR_DQ6.PinAttribute=BootLoader,CortexA7S,CortexA7NS
DDR_DQ6.Signal=DDR_DQ6
DDR_DQ7.GPIOParameters=PinAttribute
DDR_DQ7.Mode=DDR3
DDR_DQ7.PinAttribute=BootLoader,CortexA7S,CortexA7NS
DDR_DQ7.Signal=DDR_DQ7
DDR_DQ8.GPIOParameters=PinAttribute
DDR_DQ8.Mode=DDR3
DDR_DQ8.PinAttribute=BootLoader,CortexA7S,CortexA7NS
DDR_DQ8.Signal=DDR_DQ8
DDR_DQ9.GPIOParameters=PinAttribute
DDR_DQ9.Mode=DDR3
DDR_DQ9.PinAttribute=BootLoader,CortexA7S,CortexA7NS
DDR_DQ9.Signal=DDR_DQ9
DDR_DQM0.GPIOParameters=PinAttribute
DDR_DQM0.Mode=DDR3
DDR_DQM0.PinAttribute=BootLoader,CortexA7S,CortexA7NS
DDR_DQM0.Signal=DDR_DQM0
DDR_DQM1.GPIOParameters=PinAttribute
DDR_DQM1.Mode=DDR3
DDR_DQM1.PinAttribute=BootLoader,CortexA7S,CortexA7NS
DDR_DQM1.Signal=DDR_DQM1
DDR_DQS0N.GPIOParameters=PinAttribute
DDR_DQS0N.Mode=DDR3
DDR_DQS0N.PinAttribute=BootLoader,CortexA7S,CortexA7NS
DDR_DQS0N.Signal=DDR_DQS0N
DDR_DQS0P.GPIOParameters=PinAttribute
DDR_DQS0P.Mode=DDR3
DDR_DQS0P.PinAttribute=BootLoader,CortexA7S,CortexA7NS
DDR_DQS0P.Signal=DDR_DQS0P
DDR_DQS1N.GPIOParameters=PinAttribute
DDR_DQS1N.Mode=DDR3
DDR_DQS1N.PinAttribute=BootLoader,CortexA7S,CortexA7NS
DDR_DQS1N.Signal=DDR_DQS1N
DDR_DQS1P.GPIOParameters=PinAttribute
DDR_DQS1P.Mode=DDR3
DDR_DQS1P.PinAttribute=BootLoader,CortexA7S,CortexA7NS
DDR_DQS1P.Signal=DDR_DQS1P
DDR_DTO1.GPIOParameters=PinAttribute
DDR_DTO1.Mode=DDR3
DDR_DTO1.PinAttribute=BootLoader,CortexA7S,CortexA7NS
DDR_DTO1.Signal=DDR_DTO1
DDR_ODT.GPIOParameters=PinAttribute
DDR_ODT.Mode=DDR3
DDR_ODT.PinAttribute=BootLoader,CortexA7S,CortexA7NS
DDR_ODT.Signal=DDR_ODT
DDR_RASN.GPIOParameters=PinAttribute
DDR_RASN.Mode=DDR3
DDR_RASN.PinAttribute=BootLoader,CortexA7S,CortexA7NS
DDR_RASN.Signal=DDR_RASN
DDR_RESETN.GPIOParameters=PinAttribute
DDR_RESETN.Mode=DDR3
DDR_RESETN.PinAttribute=BootLoader,CortexA7S,CortexA7NS
DDR_RESETN.Signal=DDR_RESETN
DDR_VREF.GPIOParameters=PinAttribute
DDR_VREF.Mode=DDR3
DDR_VREF.PinAttribute=BootLoader,CortexA7S,CortexA7NS
DDR_VREF.Signal=DDR_VREF
DDR_WEN.GPIOParameters=PinAttribute
DDR_WEN.Mode=DDR3
DDR_WEN.PinAttribute=BootLoader,CortexA7S,CortexA7NS
DDR_WEN.Signal=DDR_WEN
DDR_ZQ.GPIOParameters=PinAttribute
DDR_ZQ.Mode=DDR3
DDR_ZQ.PinAttribute=BootLoader,CortexA7S,CortexA7NS
DDR_ZQ.Signal=DDR_ZQ
File.Version=6
GPIO.groupedBy=Group By Peripherals
I2C3.IPParameters=Timing
I2C3.Timing=0x10707DBC
I2C4.IPParameters=Timing
I2C4.Timing=0x10707DBC
KeepUserPlacement=false
Mcu.CPN=STM32MP135FAF7
Mcu.Context0=BootROM
Mcu.Context1=BootLoader
Mcu.Context2=CortexA7S
Mcu.Context3=CortexA7NS
Mcu.ContextNb=4
Mcu.ContextProject=Bare Metal Disabled
Mcu.Family=STM32MP1
Mcu.IP0=BSEC
Mcu.IP1=DDR
Mcu.IP10=SDMMC1
Mcu.IP11=SPI1
Mcu.IP12=UART4
Mcu.IP13=UART5
Mcu.IP14=USART2
Mcu.IP15=USBH_HS1
Mcu.IP2=DEBUG
Mcu.IP3=ETZPC
Mcu.IP4=FMC
Mcu.IP5=I2C3
Mcu.IP6=I2C4
Mcu.IP7=RCC
Mcu.IP8=SAI1
Mcu.IP9=SAI2
Mcu.IPNb=16
Mcu.Name=STM32MP135FAFx
Mcu.Package=TFBGA320
Mcu.Pin0=PA9
Mcu.Pin1=PE13
Mcu.Pin10=PE11
Mcu.Pin100=DDR_DQ12
Mcu.Pin101=DDR_DQ11
Mcu.Pin102=DDR_DQM1
Mcu.Pin103=PF14
Mcu.Pin104=PA0
Mcu.Pin105=PA2
Mcu.Pin106=PA5
Mcu.Pin107=PF15
Mcu.Pin108=USB_DP1
Mcu.Pin109=PH4
Mcu.Pin11=PD8
Mcu.Pin110=DDR_DQ15
Mcu.Pin111=DDR_DQ14
Mcu.Pin112=PB11
Mcu.Pin113=PA1
Mcu.Pin114=PC5
Mcu.Pin115=USB_DM1
Mcu.Pin116=VP_BSEC_VS_BSEC
Mcu.Pin117=VP_DDR_DDR3
Mcu.Pin118=VP_DDR_DDR_16_bits
Mcu.Pin119=VP_DDR_DDR3_16_2Gb
Mcu.Pin12=PE9
Mcu.Pin120=VP_ETZPC_VS_ETZPC
Mcu.Pin121=VP_DMA_VS_DMA1_Application
Mcu.Pin122=VP_DMA_VS_DMA2_Application
Mcu.Pin123=VP_DMA_VS_DMA3_Application
Mcu.Pin124=VP_MDMA_VS_MDMA_A7NS_8
Mcu.Pin13=PE8
Mcu.Pin14=PC6
Mcu.Pin15=PB15
Mcu.Pin16=PB14
Mcu.Pin17=PC11
Mcu.Pin18=DDR_DQ4
Mcu.Pin19=DDR_DQ1
Mcu.Pin2=PE12
Mcu.Pin20=DDR_DQ0
Mcu.Pin21=PB6
Mcu.Pin22=PD14
Mcu.Pin23=PD1
Mcu.Pin24=PD4
Mcu.Pin25=PD5
Mcu.Pin26=PE10
Mcu.Pin27=PC8
Mcu.Pin28=PD2
Mcu.Pin29=DDR_DQS0P
Mcu.Pin3=PF3
Mcu.Pin30=DDR_DQS0N
Mcu.Pin31=PD6
Mcu.Pin32=PH12
Mcu.Pin33=PE7
Mcu.Pin34=DDR_DQ2
Mcu.Pin35=DDR_DQ5
Mcu.Pin36=DDR_DQM0
Mcu.Pin37=PH8
Mcu.Pin38=PD15
Mcu.Pin39=DDR_DQ3
Mcu.Pin4=PB9
Mcu.Pin40=DDR_DQ6
Mcu.Pin41=PF8
Mcu.Pin42=DDR_DQ7
Mcu.Pin43=DDR_A5
Mcu.Pin44=PF6
Mcu.Pin45=PG10
Mcu.Pin46=DDR_A13
Mcu.Pin47=DDR_A2
Mcu.Pin48=DDR_A9
Mcu.Pin49=DDR_RESETN
Mcu.Pin5=PF0
Mcu.Pin50=DDR_BA2
Mcu.Pin51=DDR_A3
Mcu.Pin52=DDR_A0
Mcu.Pin53=PH7
Mcu.Pin54=PD13
Mcu.Pin55=PB2
Mcu.Pin56=DDR_A7
Mcu.Pin57=DDR_BA0
Mcu.Pin58=DDR_CSN
Mcu.Pin59=DDR_ODT
Mcu.Pin6=PC10
Mcu.Pin60=PH11
Mcu.Pin61=DDR_WEN
Mcu.Pin62=DDR_RASN
Mcu.Pin63=PC15-OSC32_OUT
Mcu.Pin64=DDR_A10
Mcu.Pin65=DDR_CASN
Mcu.Pin66=DDR_CLKN
Mcu.Pin67=PC14-OSC32_IN
Mcu.Pin68=DDR_A12
Mcu.Pin69=DDR_CLKP
Mcu.Pin7=PC12
Mcu.Pin70=PE2
Mcu.Pin71=DDR_A11
Mcu.Pin72=DDR_CKE
Mcu.Pin73=DDR_A1
Mcu.Pin74=PA8
Mcu.Pin75=DDR_DTO1
Mcu.Pin76=DDR_ATO
Mcu.Pin77=DDR_A8
Mcu.Pin78=DDR_BA1
Mcu.Pin79=PG11
Mcu.Pin8=PC9
Mcu.Pin80=DDR_A4
Mcu.Pin81=DDR_ZQ
Mcu.Pin82=DDR_A6
Mcu.Pin83=PE6
Mcu.Pin84=PH0-OSC_IN
Mcu.Pin85=DDR_VREF
Mcu.Pin86=DDR_DQ10
Mcu.Pin87=DDR_DQ8
Mcu.Pin88=PH1-OSC_OUT
Mcu.Pin89=DDR_DQ13
Mcu.Pin9=PD0
Mcu.Pin90=DDR_DQ9
Mcu.Pin91=PA7
Mcu.Pin92=DDR_DQS1P
Mcu.Pin93=DDR_DQS1N
Mcu.Pin94=PG3
Mcu.Pin95=PF13
Mcu.Pin96=PC0
Mcu.Pin97=PC3
Mcu.Pin98=PA3
Mcu.Pin99=PH5
Mcu.PinsNb=125
Mcu.ThirdPartyNb=0
Mcu.UserConstants=
Mcu.UserName=STM32MP135FAFx
MxCube.Version=6.15.0
MxDb.Version=DB.6.0.150
PA0.GPIOParameters=PinAttribute
PA0.Locked=true
PA0.Mode=Asynchronous
PA0.PinAttribute=BootLoader,CortexA7NS
PA0.Signal=UART5_TX
PA1.GPIOParameters=PinAttribute
PA1.Mode=CTS_RTS
PA1.PinAttribute=CortexA7NS
PA1.Signal=USART2_RTS
PA2.GPIOParameters=PinAttribute
PA2.Mode=Asynchronous
PA2.PinAttribute=CortexA7NS
PA2.Signal=USART2_TX
PA3.GPIOParameters=PinAttribute
PA3.Locked=true
PA3.Mode=Asynchronous
PA3.PinAttribute=CortexA7NS
PA3.Signal=USART2_RX
PA5.GPIOParameters=GPIO_PuPd,GPIO_Speed_Medium_Default,PinAttribute,GPIO_Mode
PA5.GPIO_Mode=GPIO_MODE_AF_PP
PA5.GPIO_PuPd=GPIO_NOPULL
PA5.GPIO_Speed_Medium_Default=GPIO_SPEED_FREQ_MEDIUM
PA5.Locked=true
PA5.Mode=NSS_Signal_Hard_Input
PA5.PinAttribute=CortexA7NS
PA5.Signal=SPI1_NSS
PA7.GPIOParameters=GPIO_PuPd,GPIO_Speed_Medium_Default,PinAttribute,GPIO_Mode
PA7.GPIO_Mode=GPIO_MODE_AF_PP
PA7.GPIO_PuPd=GPIO_NOPULL
PA7.GPIO_Speed_Medium_Default=GPIO_SPEED_FREQ_MEDIUM
PA7.Locked=true
PA7.Mode=Full_Duplex_Master
PA7.PinAttribute=CortexA7NS
PA7.Signal=SPI1_SCK
PA8.GPIOParameters=PinAttribute
PA8.Locked=true
PA8.Mode=I2C
PA8.PinAttribute=CortexA7S
PA8.Signal=I2C4_SDA
PA9.GPIOParameters=GPIO_Label,PinAttribute
PA9.GPIO_Label=VSOURCE_GPIO0
PA9.Locked=true
PA9.PinAttribute=Free
PA9.Signal=GPIO_Input
PB11.GPIOParameters=GPIO_Label,PinAttribute
PB11.GPIO_Label=WIFI_BLE_GPIO0
PB11.Locked=true
PB11.PinAttribute=Free
PB11.Signal=GPIO_Output
PB14.GPIOParameters=GPIO_Label,PinAttribute
PB14.GPIO_Label=SDMMC1_GPIO0
PB14.Locked=true
PB14.PinAttribute=Free
PB14.Signal=GPIO_Input
PB15.GPIOParameters=GPIO_Label,PinAttribute
PB15.GPIO_Label=DISPLAY_GPIO2
PB15.Locked=true
PB15.PinAttribute=Free
PB15.Signal=GPIO_Input
PB2.GPIOParameters=PinAttribute
PB2.Locked=true
PB2.Mode=PDM_Master_Mode_CK1
PB2.PinAttribute=CortexA7NS
PB2.Signal=SAI1_D1
PB6.GPIOParameters=PinAttribute
PB6.Mode=NorPsramChipSelect3_1
PB6.PinAttribute=CortexA7NS
PB6.Signal=FMC_NE3
PB9.GPIOParameters=GPIO_Label,PinAttribute
PB9.GPIO_Label=DISPLAY_GPIO0
PB9.Locked=true
PB9.PinAttribute=Free
PB9.Signal=GPIO_Output
PC0.GPIOParameters=GPIO_PuPd,GPIO_Speed_Medium_Default,PinAttribute,GPIO_Mode
PC0.GPIO_Mode=GPIO_MODE_AF_PP
PC0.GPIO_PuPd=GPIO_NOPULL
PC0.GPIO_Speed_Medium_Default=GPIO_SPEED_FREQ_MEDIUM
PC0.Locked=true
PC0.Mode=Full_Duplex_Master
PC0.PinAttribute=CortexA7NS
PC0.Signal=SPI1_MOSI
PC10.GPIOParameters=PinAttribute
PC10.Mode=SD_4_bits_Wide_bus
PC10.PinAttribute=BootLoader,CortexA7NS
PC10.Signal=SDMMC1_D2
PC11.GPIOParameters=PinAttribute
PC11.Mode=SD_4_bits_Wide_bus
PC11.PinAttribute=BootLoader,CortexA7NS
PC11.Signal=SDMMC1_D3
PC12.GPIOParameters=PinAttribute
PC12.Mode=SD_4_bits_Wide_bus
PC12.PinAttribute=BootLoader,CortexA7NS
PC12.Signal=SDMMC1_CK
PC14-OSC32_IN.GPIOParameters=PinAttribute
PC14-OSC32_IN.Mode=LSE-External-Oscillator
PC14-OSC32_IN.PinAttribute=BootROM,BootLoader,CortexA7S,CortexA7NS
PC14-OSC32_IN.Signal=RCC_OSC32_IN
PC15-OSC32_OUT.GPIOParameters=PinAttribute
PC15-OSC32_OUT.Mode=LSE-External-Oscillator
PC15-OSC32_OUT.PinAttribute=BootROM,BootLoader,CortexA7S,CortexA7NS
PC15-OSC32_OUT.Signal=RCC_OSC32_OUT
PC3.GPIOParameters=GPIO_PuPd,GPIO_Speed_Medium_Default,PinAttribute,GPIO_Mode
PC3.GPIO_Mode=GPIO_MODE_AF_PP
PC3.GPIO_PuPd=GPIO_NOPULL
PC3.GPIO_Speed_Medium_Default=GPIO_SPEED_FREQ_MEDIUM
PC3.Locked=true
PC3.Mode=Full_Duplex_Master
PC3.PinAttribute=CortexA7NS
PC3.Signal=SPI1_MISO
PC5.GPIOParameters=PinAttribute
PC5.Locked=true
PC5.Mode=CTS_RTS
PC5.PinAttribute=CortexA7NS
PC5.Signal=USART2_CTS
PC6.GPIOParameters=GPIO_Label,PinAttribute
PC6.GPIO_Label=DISPLAY_GPIO1
PC6.Locked=true
PC6.PinAttribute=Free
PC6.Signal=GPIO_Output
PC8.GPIOParameters=PinAttribute
PC8.Mode=SD_4_bits_Wide_bus
PC8.PinAttribute=BootLoader,CortexA7NS
PC8.Signal=SDMMC1_D0
PC9.GPIOParameters=PinAttribute
PC9.Mode=SD_4_bits_Wide_bus
PC9.PinAttribute=BootLoader,CortexA7NS
PC9.Signal=SDMMC1_D1
PD0.GPIOParameters=PinAttribute
PD0.PinAttribute=CortexA7NS
PD0.Signal=FMC_D2_DA2
PD1.GPIOParameters=PinAttribute
PD1.PinAttribute=CortexA7NS
PD1.Signal=FMC_D3_DA3
PD13.GPIOParameters=PinAttribute
PD13.Locked=true
PD13.Mode=PDM_Master_Mode_CK1
PD13.PinAttribute=CortexA7NS
PD13.Signal=SAI1_CK1
PD14.GPIOParameters=PinAttribute
PD14.PinAttribute=CortexA7NS
PD14.Signal=FMC_D0_DA0
PD15.GPIOParameters=PinAttribute
PD15.PinAttribute=CortexA7NS
PD15.Signal=FMC_D1_DA1
PD2.GPIOParameters=PinAttribute
PD2.Mode=SD_4_bits_Wide_bus
PD2.PinAttribute=BootLoader,CortexA7NS
PD2.Signal=SDMMC1_CMD
PD4.GPIOParameters=PinAttribute
PD4.PinAttribute=CortexA7NS
PD4.Signal=FMC_NOE
PD5.GPIOParameters=PinAttribute
PD5.PinAttribute=CortexA7NS
PD5.Signal=FMC_NWE
PD6.GPIOParameters=PinAttribute
PD6.Locked=true
PD6.Mode=Asynchronous
PD6.PinAttribute=BootROM,BootLoader,CortexA7NS
PD6.Signal=UART4_TX
PD8.GPIOParameters=PinAttribute
PD8.Locked=true
PD8.Mode=Asynchronous
PD8.PinAttribute=BootROM,BootLoader,CortexA7NS
PD8.Signal=UART4_RX
PE10.GPIOParameters=PinAttribute
PE10.PinAttribute=CortexA7NS
PE10.Signal=FMC_D7_DA7
PE11.GPIOParameters=GPIO_Label,PinAttribute
PE11.GPIO_Label=BFG_GPIO0
PE11.Locked=true
PE11.PinAttribute=Free
PE11.Signal=GPIO_Output
PE12.GPIOParameters=GPIO_Label,PinAttribute
PE12.GPIO_Label=USB_PWR_GPIO1
PE12.Locked=true
PE12.PinAttribute=Free
PE12.Signal=GPIO_Output
PE13.GPIOParameters=GPIO_Label,PinAttribute
PE13.GPIO_Label=USB_PWR_GPIO0
PE13.Locked=true
PE13.PinAttribute=Free
PE13.Signal=GPIO_Output
PE2.GPIOParameters=PinAttribute
PE2.Locked=true
PE2.Mode=I2C
PE2.PinAttribute=CortexA7S
PE2.Signal=I2C4_SCL
PE6.GPIOParameters=PinAttribute
PE6.Mode=SAI_B_Master
PE6.PinAttribute=CortexA7NS
PE6.Signal=SAI2_SCK_B
PE7.GPIOParameters=PinAttribute
PE7.PinAttribute=CortexA7NS
PE7.Signal=FMC_D4_DA4
PE8.GPIOParameters=PinAttribute
PE8.PinAttribute=CortexA7NS
PE8.Signal=FMC_D5_DA5
PE9.GPIOParameters=PinAttribute
PE9.PinAttribute=CortexA7NS
PE9.Signal=FMC_D6_DA6
PF0.GPIOParameters=GPIO_Label,PinAttribute
PF0.GPIO_Label=DISPLAY_GPIO3
PF0.Locked=true
PF0.PinAttribute=Free
PF0.Signal=GPIO_Output
PF13.GPIOParameters=PinAttribute
PF13.Locked=true
PF13.Mode=Asynchronous
PF13.PinAttribute=BootLoader,CortexA7NS
PF13.Signal=UART5_RX
PF14.GPIOParameters=PinAttribute
PF14.Mode=JTAG_4_pins
PF14.PinAttribute=CortexA7NS
PF14.Signal=DEBUG_JTCK-SWCLK
PF15.GPIOParameters=PinAttribute
PF15.Mode=JTAG_4_pins
PF15.PinAttribute=CortexA7NS
PF15.Signal=DEBUG_JTMS-SWDIO
PF3.GPIOParameters=PinAttribute
PF3.PinAttribute=CortexA7NS
PF3.Signal=FMC_A3
PF6.GPIOParameters=GPIO_Label,PinAttribute
PF6.GPIO_Label=PMIC_GPIO1
PF6.Locked=true
PF6.PinAttribute=Free
PF6.Signal=GPIO_Output
PF8.GPIOParameters=GPIO_Label,PinAttribute
PF8.GPIO_Label=PMIC_GPIO0
PF8.Locked=true
PF8.PinAttribute=Free
PF8.Signal=GPIO_Output
PG10.GPIOParameters=GPIO_Label,PinAttribute
PG10.GPIO_Label=REG_3V3_GPIO0
PG10.Locked=true
PG10.PinAttribute=Free
PG10.Signal=GPIO_Input
PG11.GPIOParameters=GPIO_Label,PinAttribute
PG11.GPIO_Label=IO_EX_GPIO0
PG11.Locked=true
PG11.PinAttribute=Free
PG11.Signal=GPIO_Output
PG3.GPIOParameters=PinAttribute
PG3.Mode=SAI_B_Master
PG3.PinAttribute=CortexA7NS
PG3.Signal=SAI2_SD_B
PH0-OSC_IN.GPIOParameters=PinAttribute
PH0-OSC_IN.Mode=HSE-External-Oscillator
PH0-OSC_IN.PinAttribute=BootROM,BootLoader,CortexA7S,CortexA7NS
PH0-OSC_IN.Signal=RCC_OSC_IN
PH1-OSC_OUT.GPIOParameters=PinAttribute
PH1-OSC_OUT.Mode=HSE-External-Oscillator
PH1-OSC_OUT.PinAttribute=BootROM,BootLoader,CortexA7S,CortexA7NS
PH1-OSC_OUT.Signal=RCC_OSC_OUT
PH11.GPIOParameters=PinAttribute
PH11.Mode=SAI_A_SPDIF
PH11.PinAttribute=CortexA7NS
PH11.Signal=SAI2_SD_A
PH12.GPIOParameters=PinAttribute
PH12.Locked=true
PH12.Mode=I2C
PH12.PinAttribute=BootLoader,CortexA7S
PH12.Signal=I2C3_SCL
PH4.GPIOParameters=PinAttribute
PH4.Mode=JTAG_4_pins
PH4.PinAttribute=CortexA7NS
PH4.Signal=DEBUG_JTDI
PH5.GPIOParameters=PinAttribute
PH5.Mode=JTAG_4_pins
PH5.PinAttribute=CortexA7NS
PH5.Signal=DEBUG_JTDO-SWO
PH7.GPIOParameters=PinAttribute
PH7.Mode=SAI_B_Master
PH7.PinAttribute=CortexA7NS
PH7.Signal=SAI2_FS_B
PH8.GPIOParameters=PinAttribute
PH8.Locked=true
PH8.Mode=I2C
PH8.PinAttribute=BootLoader,CortexA7S
PH8.Signal=I2C3_SDA
PinOutPanel.CurrentBGAView=Top
PinOutPanel.RotationAngle=-90
ProjectManager.AskForMigrate=true
ProjectManager.BackupPrevious=false
ProjectManager.CompilerLinker=GCC
ProjectManager.CompilerOptimize=6
ProjectManager.ComputerToolchain=false
ProjectManager.CoupleFile=false
ProjectManager.CustomerFirmwarePackage=
ProjectManager.DefaultFWLocation=true
ProjectManager.DeletePrevious=true
ProjectManager.DeviceId=STM32MP135FAFx
ProjectManager.DeviceTreeLocation=/home/mulla-krekar/Documents/bozi/hw/design/bozi-1.0.1-dk/bozi-1.0.1-dk/CubeMX/DeviceTree/
ProjectManager.DeviceTreeLocationCortexM=
ProjectManager.FirmwarePackage=STM32Cube FW_MP13 V1.2.0
ProjectManager.FreePins=false
ProjectManager.HalAssertFull=false
ProjectManager.HeapSize=0x200
ProjectManager.KeepUserCode=true
ProjectManager.LastFirmware=true
ProjectManager.LibraryCopy=1
ProjectManager.MainLocation=Core/Src
ProjectManager.NoMain=false
ProjectManager.PreviousToolchain=
ProjectManager.ProjectBuild=false
ProjectManager.ProjectFileName=bozi-1.0.1-dk.ioc
ProjectManager.ProjectName=bozi-1.0.1-dk
ProjectManager.ProjectStructure=
ProjectManager.RegisterCallBack=
ProjectManager.StackSize=0x400
ProjectManager.TargetToolchain=STM32CubeIDE
ProjectManager.ToolChainLocation=
ProjectManager.UAScriptAfterPath=
ProjectManager.UAScriptBeforePath=
ProjectManager.UnderRoot=true
ProjectManager.functionlistsort=
RCC.ADC1Freq_Value=26000000
RCC.ADC2Freq_Value=26000000
RCC.AHB124Freq_Value=64000000
RCC.APB1Freq_Value=64000000
RCC.APB2Freq_Value=64000000
RCC.APB3Freq_Value=64000000
RCC.APB4Freq_Value=64000000
RCC.APB5DIVClockFreq_Value=64000000
RCC.APB6Freq_Value=64000000
RCC.AXICLKFreq_VALUE=64000000
RCC.AXIDIVFreq_Value=64000000
RCC.CKPERCLKFreq_VALUE=64000000
RCC.CSI_VALUE=4000000
RCC.DACCLKFreq_VALUE=32000
RCC.DCMIFreq_Value=64000000
RCC.DDRCFreq_Value=400000000
RCC.DDRPERFMFreq_Value=400000000
RCC.DDRPHYFreq_Value=400000000
RCC.DFSDFAFreq_Value=104000000
RCC.DFSDMFreq_Value=64000000
RCC.DIVM2=4
RCC.DIVM4=4
RCC.DIVN2=25
RCC.DIVN4=26
RCC.DIVP1Freq_Value=1600000000
RCC.DIVP2Freq_Value=200000000
RCC.DIVP3Freq_Value=800000000
RCC.DIVP4=3
RCC.DIVP4Freq_Value=138666666.66666666
RCC.DIVQ1Freq_Value=800000000
RCC.DIVQ2Freq_Value=200000000
RCC.DIVQ3Freq_Value=800000000
RCC.DIVQ4=4
RCC.DIVQ4Freq_Value=104000000
RCC.DIVR1Freq_Value=800000000
RCC.DIVR2=1
RCC.DIVR2Freq_Value=400000000
RCC.DIVR3Freq_Value=800000000
RCC.DIVR4=16
RCC.DIVR4Freq_Value=26000000
RCC.ETH2Freq_Value=138666666.66666666
RCC.ETHFreq_Value=138666666.66666666
RCC.FDCANFreq_Value=24000000
RCC.FMCFreq_Value=64000000
RCC.FamilyName=M
RCC.HSE_VALUE=24000000
RCC.HSIDivClkFreq_Value=64000000
RCC.HSI_VALUE=64000000
RCC.Hclk5DIVFreq_Value=64000000
RCC.Hclk6DIVFreq_Value=64000000
RCC.I2C12Freq_Value=64000000
RCC.I2C3Freq_Value=64000000
RCC.I2C4Freq_Value=64000000
RCC.I2C5Freq_Value=64000000
RCC.IPParameters=ADC1Freq_Value,ADC2Freq_Value,AHB124Freq_Value,APB1Freq_Value,APB2Freq_Value,APB3Freq_Value,APB4Freq_Value,APB5DIVClockFreq_Value,APB6Freq_Value,AXICLKFreq_VALUE,AXIDIVFreq_Value,CKPERCLKFreq_VALUE,CSI_VALUE,DACCLKFreq_VALUE,DCMIFreq_Value,DDRCFreq_Value,DDRPERFMFreq_Value,DDRPHYFreq_Value,DFSDFAFreq_Value,DFSDMFreq_Value,DIVM2,DIVM4,DIVN2,DIVN4,DIVP1Freq_Value,DIVP2Freq_Value,DIVP3Freq_Value,DIVP4,DIVP4Freq_Value,DIVQ1Freq_Value,DIVQ2Freq_Value,DIVQ3Freq_Value,DIVQ4,DIVQ4Freq_Value,DIVR1Freq_Value,DIVR2,DIVR2Freq_Value,DIVR3Freq_Value,DIVR4,DIVR4Freq_Value,ETH2Freq_Value,ETHFreq_Value,FDCANFreq_Value,FMCFreq_Value,FamilyName,HSE_VALUE,HSIDivClkFreq_Value,HSI_VALUE,Hclk5DIVFreq_Value,Hclk6DIVFreq_Value,I2C12Freq_Value,I2C3Freq_Value,I2C4Freq_Value,I2C5Freq_Value,LPTIM1Freq_Value,LPTIM2Freq_Value,LPTIM3Freq_Value,LPTIM45Freq_Value,LSI_VALUE,LTDCFreq_Value,MCO1PinFreq_Value,MCO2PinFreq_Value,MLAHBCLKFreq_VALUE,MLAHBDIVCLKFreq_Value,MPUCLKFreq_VALUE,PLL1FRACV,PLL2FRACV,PLL3FRACV,PLL4FRACV,PUBLFreq_Value,QSPIFreq_Value,RCC_MCO2Source,RNG1Freq_Value,RTCFreq_Value,SAESFreq_Value,SAI1Freq_Value,SAI2Freq_Value,SDMMC1Freq_Value,SDMMC2Freq_Value,SPDIFRXFreq_Value,SPI1Freq_Value,SPI23Freq_Value,SPI4Freq_Value,SPI5Freq_Value,STGENFreq_Value,SYSCLKFreq_VALUE,Tim1OutputFreq_Value,Tim2OutputFreq_Value,Tim3OutputFreq_Value,UART78Freq_Value,USART1Freq_Value,USART2Freq_Value,USART35Freq_Value,USART4Freq_Value,USART6Freq_Value,USBOHSFreq_Value,USBPHYFreq_Value,VCO1OutputFreq_Value,VCO2OutputFreq_Value,VCO3OutputFreq_Value,VCO4OutputFreq_Value,VCOInput1Freq_Value,VCOInput2Freq_Value,VCOInput3Freq_Value,VCOInput4Freq_Value
RCC.LPTIM1Freq_Value=64000000
RCC.LPTIM2Freq_Value=64000000
RCC.LPTIM3Freq_Value=64000000
RCC.LPTIM45Freq_Value=64000000
RCC.LSI_VALUE=32000
RCC.LTDCFreq_Value=104000000
RCC.MCO1PinFreq_Value=64000000
RCC.MCO2PinFreq_Value=64000000
RCC.MLAHBCLKFreq_VALUE=64000000
RCC.MLAHBDIVCLKFreq_Value=64000000
RCC.MPUCLKFreq_VALUE=64000000
RCC.PLL1FRACV=0
RCC.PLL2FRACV=0
RCC.PLL3FRACV=0
RCC.PLL4FRACV=0
RCC.PUBLFreq_Value=400000000
RCC.QSPIFreq_Value=64000000
RCC.RCC_MCO2Source=RCC_MCO2SOURCE_AXI
RCC.RNG1Freq_Value=4000000
RCC.RTCFreq_Value=32000
RCC.SAESFreq_Value=64000000
RCC.SAI1Freq_Value=104000000
RCC.SAI2Freq_Value=104000000
RCC.SDMMC1Freq_Value=64000000
RCC.SDMMC2Freq_Value=64000000
RCC.SPDIFRXFreq_Value=138666666.66666666
RCC.SPI1Freq_Value=138666666.66666666
RCC.SPI23Freq_Value=138666666.66666666
RCC.SPI4Freq_Value=64000000
RCC.SPI5Freq_Value=64000000
RCC.STGENFreq_Value=64000000
RCC.SYSCLKFreq_VALUE=64000000
RCC.Tim1OutputFreq_Value=64000000
RCC.Tim2OutputFreq_Value=64000000
RCC.Tim3OutputFreq_Value=64000000
RCC.UART78Freq_Value=64000000
RCC.USART1Freq_Value=64000000
RCC.USART2Freq_Value=64000000
RCC.USART35Freq_Value=64000000
RCC.USART4Freq_Value=64000000
RCC.USART6Freq_Value=64000000
RCC.USBOHSFreq_Value=26000000
RCC.USBPHYFreq_Value=26000000
RCC.VCO1OutputFreq_Value=3200000000
RCC.VCO2OutputFreq_Value=800000000
RCC.VCO3OutputFreq_Value=1600000000
RCC.VCO4OutputFreq_Value=416000000
RCC.VCOInput1Freq_Value=32000000
RCC.VCOInput2Freq_Value=16000000
RCC.VCOInput3Freq_Value=32000000
RCC.VCOInput4Freq_Value=16000000
SAI1.Activation=ENABLE
SAI1.ErrorAudioFreq-PDM_Master_Mode_CK1=5.79 %
SAI1.IPParameters=Instance-PDM_Master_Mode_CK1,VirtualMode-PDM_Master_Mode_CK1,MckOutput-PDM_Master_Mode_CK1,VirtualProtocol-PDM_Master_Mode_CK1,Activation,RealAudioFreq-PDM_Master_Mode_CK1,ErrorAudioFreq-PDM_Master_Mode_CK1
SAI1.Instance-PDM_Master_Mode_CK1=SAI$Index_Block_A
SAI1.MckOutput-PDM_Master_Mode_CK1=SAI_MCK_OUTPUT_DISABLE
SAI1.RealAudioFreq-PDM_Master_Mode_CK1=203.125 KHz
SAI1.VirtualMode-PDM_Master_Mode_CK1=VM_MASTER
SAI1.VirtualProtocol-PDM_Master_Mode_CK1=VM_PDM_PROTOCOL
SAI2.ErrorAudioFreq-SAI_B_Master=5.79 %
SAI2.IPParameters=Instance-SAI_B_Master,VirtualMode-SAI_B_Master,MckOutput-SAI_B_Master,RealAudioFreq-SAI_B_Master,ErrorAudioFreq-SAI_B_Master,Instance-SAI_A_SPDIF,VirtualMode-SAI_A_SPDIF
SAI2.Instance-SAI_A_SPDIF=SAI$Index_Block_A
SAI2.Instance-SAI_B_Master=SAI$Index_Block_B
SAI2.MckOutput-SAI_B_Master=SAI_MCK_OUTPUT_DISABLE
SAI2.RealAudioFreq-SAI_B_Master=203.125 KHz
SAI2.VirtualMode-SAI_A_SPDIF=VM_SPDIF
SAI2.VirtualMode-SAI_B_Master=VM_MASTER
SH.FMC_A3.0=FMC_A3,A3_1
SH.FMC_A3.ConfNb=1
SH.FMC_D0_DA0.0=FMC_D0,8b-d1
SH.FMC_D0_DA0.ConfNb=1
SH.FMC_D1_DA1.0=FMC_D1,8b-d1
SH.FMC_D1_DA1.ConfNb=1
SH.FMC_D2_DA2.0=FMC_D2,8b-d1
SH.FMC_D2_DA2.ConfNb=1
SH.FMC_D3_DA3.0=FMC_D3,8b-d1
SH.FMC_D3_DA3.ConfNb=1
SH.FMC_D4_DA4.0=FMC_D4,8b-d1
SH.FMC_D4_DA4.ConfNb=1
SH.FMC_D5_DA5.0=FMC_D5,8b-d1
SH.FMC_D5_DA5.ConfNb=1
SH.FMC_D6_DA6.0=FMC_D6,8b-d1
SH.FMC_D6_DA6.ConfNb=1
SH.FMC_D7_DA7.0=FMC_D7,8b-d1
SH.FMC_D7_DA7.ConfNb=1
SH.FMC_NOE.0=FMC_NOE,Lcd1
SH.FMC_NOE.ConfNb=1
SH.FMC_NWE.0=FMC_NWE,Lcd1
SH.FMC_NWE.ConfNb=1
SPI1.BaudRatePrescaler=SPI_BAUDRATEPRESCALER_4
SPI1.CalculateBaudRate=34.666664 MBits/s
SPI1.Direction=SPI_DIRECTION_2LINES
SPI1.IPParameters=VirtualType,Mode,Direction,VirtualNSS,BaudRatePrescaler,CalculateBaudRate
SPI1.Mode=SPI_MODE_MASTER
SPI1.VirtualNSS=VM_NSSHARD
SPI1.VirtualType=VM_MASTER
USART2.IPParameters=VirtualMode-Asynchronous
USART2.VirtualMode-Asynchronous=VM_ASYNC
USB_DM1.GPIOParameters=PinAttribute
USB_DM1.Mode=Enable
USB_DM1.PinAttribute=CortexA7NS
USB_DM1.Signal=USBH_HS1_DM
USB_DP1.GPIOParameters=PinAttribute
USB_DP1.Mode=Enable
USB_DP1.PinAttribute=CortexA7NS
USB_DP1.Signal=USBH_HS1_DP
VP_BSEC_VS_BSEC.Mode=BSEC_Activate
VP_BSEC_VS_BSEC.Signal=BSEC_VS_BSEC
VP_DDR_DDR3.Mode=DDR3
VP_DDR_DDR3.Signal=DDR_DDR3
VP_DDR_DDR3_16_2Gb.Mode=2Gb_16bits
VP_DDR_DDR3_16_2Gb.Signal=DDR_DDR3_16_2Gb
VP_DDR_DDR_16_bits.Mode=16bits
VP_DDR_DDR_16_bits.Signal=DDR_DDR_16_bits
VP_DMA_VS_DMA1_Application.Mode=Application
VP_DMA_VS_DMA1_Application.Signal=DMA_VS_DMA1_Application
VP_DMA_VS_DMA2_Application.Mode=Application
VP_DMA_VS_DMA2_Application.Signal=DMA_VS_DMA2_Application
VP_DMA_VS_DMA3_Application.Mode=Application
VP_DMA_VS_DMA3_Application.Signal=DMA_VS_DMA3_Application
VP_ETZPC_VS_ETZPC.Mode=ETZPC_Activate
VP_ETZPC_VS_ETZPC.Signal=ETZPC_VS_ETZPC
VP_MDMA_VS_MDMA_A7NS_8.Mode=8\:8
VP_MDMA_VS_MDMA_A7NS_8.Signal=MDMA_VS_MDMA_A7NS_8
board=custom
